
Microsoft Visual Studio Solution File, Format Version 12.00
# Visual Studio 2012
Project("{FAE04EC0-301F-11D3-BF4B-00C04F79EFBC}") = "bittrex", "bittrex\bittrex.csproj", "{1E9E87A4-E7DC-4719-9639-34167FC52559}"
EndProject
Global
	GlobalSection(SolutionConfigurationPlatforms) = preSolution
		Debug|Any CPU = Debug|Any CPU
		Release|Any CPU = Release|Any CPU
	EndGlobalSection
	GlobalSection(ProjectConfigurationPlatforms) = postSolution
		{1E9E87A4-E7DC-4719-9639-34167FC52559}.Debug|Any CPU.ActiveCfg = Debug|Any CPU
		{1E9E87A4-E7DC-4719-9639-34167FC52559}.Debug|Any CPU.Build.0 = Debug|Any CPU
		{1E9E87A4-E7DC-4719-9639-34167FC52559}.Release|Any CPU.ActiveCfg = Release|Any CPU
		{1E9E87A4-E7DC-4719-9639-34167FC52559}.Release|Any CPU.Build.0 = Release|Any CPU
	EndGlobalSection
	GlobalSection(SolutionProperties) = preSolution
		HideSolutionNode = FALSE
	EndGlobalSection
EndGlobal
